// !$*UTF8*$!
{
	archiveVersion = 1;
	classes = {
	};
	objectVersion = 77;
	objects = {

/* Begin PBXBuildFile section */
		45095C052CDA92B000A3C939 /* HeroesList.swift in Sources */ = {isa = PBXBuildFile; fileRef = 45095C042CDA92B000A3C939 /* HeroesList.swift */; };
		45108B862CD94547004E2D7A /* Preview Assets.xcassets in Resources */ = {isa = PBXBuildFile; fileRef = 45108B802CD94547004E2D7A /* Preview Assets.xcassets */; };
		45108B872CD94547004E2D7A /* Assets.xcassets in Resources */ = {isa = PBXBuildFile; fileRef = 45108B822CD94547004E2D7A /* Assets.xcassets */; };
		45108B882CD94547004E2D7A /* ContentView.swift in Sources */ = {isa = PBXBuildFile; fileRef = 45108B832CD94547004E2D7A /* ContentView.swift */; };
		45108B892CD94547004E2D7A /* HeroesMasterDetailJSONApp.swift in Sources */ = {isa = PBXBuildFile; fileRef = 45108B842CD94547004E2D7A /* HeroesMasterDetailJSONApp.swift */; };
		45108B8C2CD96EA3004E2D7A /* SuperHeroes.json in Resources */ = {isa = PBXBuildFile; fileRef = 45108B8B2CD96EA3004E2D7A /* SuperHeroes.json */; };
		45108B8F2CDA2EB3004E2D7A /* Model.swift in Sources */ = {isa = PBXBuildFile; fileRef = 45108B8E2CDA2EB3004E2D7A /* Model.swift */; };
		45108B912CDA3233004E2D7A /* HeroesGrid.swift in Sources */ = {isa = PBXBuildFile; fileRef = 45108B902CDA3233004E2D7A /* HeroesGrid.swift */; };
		45108B932CDA3FCB004E2D7A /* HeroeDetalle.swift in Sources */ = {isa = PBXBuildFile; fileRef = 45108B922CDA3FCB004E2D7A /* HeroeDetalle.swift */; };
		45108B952CDA3FEC004E2D7A /* PreviewData.swift in Sources */ = {isa = PBXBuildFile; fileRef = 45108B942CDA3FEC004E2D7A /* PreviewData.swift */; };
		45108B9B2CDA45E4004E2D7A /* Fonts.swift in Sources */ = {isa = PBXBuildFile; fileRef = 45108B9A2CDA45E4004E2D7A /* Fonts.swift */; };
		45108B9D2CDA4766004E2D7A /* Nippo.ttf in Resources */ = {isa = PBXBuildFile; fileRef = 45108B9C2CDA4766004E2D7A /* Nippo.ttf */; };
		45108B9F2CDA48D9004E2D7A /* Makmure.ttf in Resources */ = {isa = PBXBuildFile; fileRef = 45108B9E2CDA48D9004E2D7A /* Makmure.ttf */; };
		45EF97A52CDA8DAB00919953 /* GridHeroeElement.swift in Sources */ = {isa = PBXBuildFile; fileRef = 45EF97A42CDA8DAA00919953 /* GridHeroeElement.swift */; };
/* End PBXBuildFile section */

/* Begin PBXFileReference section */
		45095C042CDA92B000A3C939 /* HeroesList.swift */ = {isa = PBXFileReference; lastKnownFileType = sourcecode.swift; path = HeroesList.swift; sourceTree = "<group>"; };
		45108B6F2CD944C2004E2D7A /* HeroesMasterDetailJSON.app */ = {isa = PBXFileReference; explicitFileType = wrapper.application; includeInIndex = 0; path = HeroesMasterDetailJSON.app; sourceTree = BUILT_PRODUCTS_DIR; };
		45108B802CD94547004E2D7A /* Preview Assets.xcassets */ = {isa = PBXFileReference; lastKnownFileType = folder.assetcatalog; path = "Preview Assets.xcassets"; sourceTree = "<group>"; };
		45108B822CD94547004E2D7A /* Assets.xcassets */ = {isa = PBXFileReference; lastKnownFileType = folder.assetcatalog; path = Assets.xcassets; sourceTree = "<group>"; };
		45108B832CD94547004E2D7A /* ContentView.swift */ = {isa = PBXFileReference; lastKnownFileType = sourcecode.swift; path = ContentView.swift; sourceTree = "<group>"; };
		45108B842CD94547004E2D7A /* HeroesMasterDetailJSONApp.swift */ = {isa = PBXFileReference; lastKnownFileType = sourcecode.swift; path = HeroesMasterDetailJSONApp.swift; sourceTree = "<group>"; };
		45108B8B2CD96EA3004E2D7A /* SuperHeroes.json */ = {isa = PBXFileReference; lastKnownFileType = text.json; path = SuperHeroes.json; sourceTree = "<group>"; };
		45108B8E2CDA2EB3004E2D7A /* Model.swift */ = {isa = PBXFileReference; lastKnownFileType = sourcecode.swift; path = Model.swift; sourceTree = "<group>"; };
		45108B902CDA3233004E2D7A /* HeroesGrid.swift */ = {isa = PBXFileReference; lastKnownFileType = sourcecode.swift; path = HeroesGrid.swift; sourceTree = "<group>"; };
		45108B922CDA3FCB004E2D7A /* HeroeDetalle.swift */ = {isa = PBXFileReference; lastKnownFileType = sourcecode.swift; path = HeroeDetalle.swift; sourceTree = "<group>"; };
		45108B942CDA3FEC004E2D7A /* PreviewData.swift */ = {isa = PBXFileReference; lastKnownFileType = sourcecode.swift; path = PreviewData.swift; sourceTree = "<group>"; };
		45108B982CDA45A0004E2D7A /* Info.plist */ = {isa = PBXFileReference; lastKnownFileType = text.plist; path = Info.plist; sourceTree = "<group>"; };
		45108B9A2CDA45E4004E2D7A /* Fonts.swift */ = {isa = PBXFileReference; lastKnownFileType = sourcecode.swift; path = Fonts.swift; sourceTree = "<group>"; };
		45108B9C2CDA4766004E2D7A /* Nippo.ttf */ = {isa = PBXFileReference; lastKnownFileType = file; path = Nippo.ttf; sourceTree = "<group>"; };
		45108B9E2CDA48D9004E2D7A /* Makmure.ttf */ = {isa = PBXFileReference; lastKnownFileType = file; path = Makmure.ttf; sourceTree = "<group>"; };
		45EF97A42CDA8DAA00919953 /* GridHeroeElement.swift */ = {isa = PBXFileReference; lastKnownFileType = sourcecode.swift; path = GridHeroeElement.swift; sourceTree = "<group>"; };
/* End PBXFileReference section */

/* Begin PBXFrameworksBuildPhase section */
		45108B6C2CD944C2004E2D7A /* Frameworks */ = {
			isa = PBXFrameworksBuildPhase;
			buildActionMask = 2147483647;
			files = (
			);
			runOnlyForDeploymentPostprocessing = 0;
		};
/* End PBXFrameworksBuildPhase section */

/* Begin PBXGroup section */
		45108B662CD944C2004E2D7A = {
			isa = PBXGroup;
			children = (
				45108B852CD94547004E2D7A /* HeroesMasterDetailJSON */,
				45108B702CD944C2004E2D7A /* Products */,
			);
			sourceTree = "<group>";
		};
		45108B702CD944C2004E2D7A /* Products */ = {
			isa = PBXGroup;
			children = (
				45108B6F2CD944C2004E2D7A /* HeroesMasterDetailJSON.app */,
			);
			name = Products;
			sourceTree = "<group>";
		};
		45108B812CD94547004E2D7A /* Preview Content */ = {
			isa = PBXGroup;
			children = (
				45108B802CD94547004E2D7A /* Preview Assets.xcassets */,
				45108B942CDA3FEC004E2D7A /* PreviewData.swift */,
			);
			path = "Preview Content";
			sourceTree = "<group>";
		};
		45108B852CD94547004E2D7A /* HeroesMasterDetailJSON */ = {
			isa = PBXGroup;
			children = (
				45108B982CDA45A0004E2D7A /* Info.plist */,
				45108B8D2CDA2E9E004E2D7A /* Heroes */,
				45108B8A2CD96E82004E2D7A /* Resources */,
				45108B812CD94547004E2D7A /* Preview Content */,
				45108B822CD94547004E2D7A /* Assets.xcassets */,
				45108B9C2CDA4766004E2D7A /* Nippo.ttf */,
				45108B9E2CDA48D9004E2D7A /* Makmure.ttf */,
				45108B832CD94547004E2D7A /* ContentView.swift */,
				45108B842CD94547004E2D7A /* HeroesMasterDetailJSONApp.swift */,
			);
			path = HeroesMasterDetailJSON;
			sourceTree = "<group>";
		};
		45108B8A2CD96E82004E2D7A /* Resources */ = {
			isa = PBXGroup;
			children = (
				45108B8B2CD96EA3004E2D7A /* SuperHeroes.json */,
			);
			path = Resources;
			sourceTree = "<group>";
		};
		45108B8D2CDA2E9E004E2D7A /* Heroes */ = {
			isa = PBXGroup;
			children = (
				45108B992CDA45D4004E2D7A /* Styles */,
				45108B902CDA3233004E2D7A /* HeroesGrid.swift */,
				45EF97A42CDA8DAA00919953 /* GridHeroeElement.swift */,
				45108B922CDA3FCB004E2D7A /* HeroeDetalle.swift */,
				45108B8E2CDA2EB3004E2D7A /* Model.swift */,
				45095C042CDA92B000A3C939 /* HeroesList.swift */,
			);
			path = Heroes;
			sourceTree = "<group>";
		};
		45108B992CDA45D4004E2D7A /* Styles */ = {
			isa = PBXGroup;
			children = (
				45108B9A2CDA45E4004E2D7A /* Fonts.swift */,
			);
			path = Styles;
			sourceTree = "<group>";
		};
/* End PBXGroup section */

/* Begin PBXNativeTarget section */
		45108B6E2CD944C2004E2D7A /* HeroesMasterDetailJSON */ = {
			isa = PBXNativeTarget;
			buildConfigurationList = 45108B7D2CD944C4004E2D7A /* Build configuration list for PBXNativeTarget "HeroesMasterDetailJSON" */;
			buildPhases = (
				45108B6B2CD944C2004E2D7A /* Sources */,
				45108B6C2CD944C2004E2D7A /* Frameworks */,
				45108B6D2CD944C2004E2D7A /* Resources */,
			);
			buildRules = (
			);
			dependencies = (
			);
			name = HeroesMasterDetailJSON;
			packageProductDependencies = (
			);
			productName = HeroesMasterDetailJSON;
			productReference = 45108B6F2CD944C2004E2D7A /* HeroesMasterDetailJSON.app */;
			productType = "com.apple.product-type.application";
		};
/* End PBXNativeTarget section */

/* Begin PBXProject section */
		45108B672CD944C2004E2D7A /* Project object */ = {
			isa = PBXProject;
			attributes = {
				BuildIndependentTargetsInParallel = 1;
				LastSwiftUpdateCheck = 1610;
				LastUpgradeCheck = 1610;
				TargetAttributes = {
					45108B6E2CD944C2004E2D7A = {
						CreatedOnToolsVersion = 16.1;
					};
				};
			};
			buildConfigurationList = 45108B6A2CD944C2004E2D7A /* Build configuration list for PBXProject "HeroesMasterDetailJSON" */;
			developmentRegion = en;
			hasScannedForEncodings = 0;
			knownRegions = (
				en,
				Base,
			);
			mainGroup = 45108B662CD944C2004E2D7A;
			minimizedProjectReferenceProxies = 1;
			preferredProjectObjectVersion = 77;
			productRefGroup = 45108B702CD944C2004E2D7A /* Products */;
			projectDirPath = "";
			projectRoot = "";
			targets = (
				45108B6E2CD944C2004E2D7A /* HeroesMasterDetailJSON */,
			);
		};
/* End PBXProject section */

/* Begin PBXResourcesBuildPhase section */
		45108B6D2CD944C2004E2D7A /* Resources */ = {
			isa = PBXResourcesBuildPhase;
			buildActionMask = 2147483647;
			files = (
				45108B8C2CD96EA3004E2D7A /* SuperHeroes.json in Resources */,
				45108B862CD94547004E2D7A /* Preview Assets.xcassets in Resources */,
				45108B872CD94547004E2D7A /* Assets.xcassets in Resources */,
				45108B9F2CDA48D9004E2D7A /* Makmure.ttf in Resources */,
				45108B9D2CDA4766004E2D7A /* Nippo.ttf in Resources */,
			);
			runOnlyForDeploymentPostprocessing = 0;
		};
/* End PBXResourcesBuildPhase section */

/* Begin PBXSourcesBuildPhase section */
		45108B6B2CD944C2004E2D7A /* Sources */ = {
			isa = PBXSourcesBuildPhase;
			buildActionMask = 2147483647;
			files = (
				45108B9B2CDA45E4004E2D7A /* Fonts.swift in Sources */,
				45095C052CDA92B000A3C939 /* HeroesList.swift in Sources */,
				45108B8F2CDA2EB3004E2D7A /* Model.swift in Sources */,
				45108B882CD94547004E2D7A /* ContentView.swift in Sources */,
				45108B952CDA3FEC004E2D7A /* PreviewData.swift in Sources */,
				45EF97A52CDA8DAB00919953 /* GridHeroeElement.swift in Sources */,
				45108B932CDA3FCB004E2D7A /* HeroeDetalle.swift in Sources */,
				45108B892CD94547004E2D7A /* HeroesMasterDetailJSONApp.swift in Sources */,
				45108B912CDA3233004E2D7A /* HeroesGrid.swift in Sources */,
			);
			runOnlyForDeploymentPostprocessing = 0;
		};
/* End PBXSourcesBuildPhase section */

/* Begin XCBuildConfiguration section */
		45108B7B2CD944C4004E2D7A /* Debug */ = {
			isa = XCBuildConfiguration;
			buildSettings = {
				ALWAYS_SEARCH_USER_PATHS = NO;
				ASSETCATALOG_COMPILER_GENERATE_SWIFT_ASSET_SYMBOL_EXTENSIONS = YES;
				CLANG_ANALYZER_NONNULL = YES;
				CLANG_ANALYZER_NUMBER_OBJECT_CONVERSION = YES_AGGRESSIVE;
				CLANG_CXX_LANGUAGE_STANDARD = "gnu++20";
				CLANG_ENABLE_MODULES = YES;
				CLANG_ENABLE_OBJC_ARC = YES;
				CLANG_ENABLE_OBJC_WEAK = YES;
				CLANG_WARN_BLOCK_CAPTURE_AUTORELEASING = YES;
				CLANG_WARN_BOOL_CONVERSION = YES;
				CLANG_WARN_COMMA = YES;
				CLANG_WARN_CONSTANT_CONVERSION = YES;
				CLANG_WARN_DEPRECATED_OBJC_IMPLEMENTATIONS = YES;
				CLANG_WARN_DIRECT_OBJC_ISA_USAGE = YES_ERROR;
				CLANG_WARN_DOCUMENTATION_COMMENTS = YES;
				CLANG_WARN_EMPTY_BODY = YES;
				CLANG_WARN_ENUM_CONVERSION = YES;
				CLANG_WARN_INFINITE_RECURSION = YES;
				CLANG_WARN_INT_CONVERSION = YES;
				CLANG_WARN_NON_LITERAL_NULL_CONVERSION = YES;
				CLANG_WARN_OBJC_IMPLICIT_RETAIN_SELF = YES;
				CLANG_WARN_OBJC_LITERAL_CONVERSION = YES;
				CLANG_WARN_OBJC_ROOT_CLASS = YES_ERROR;
				CLANG_WARN_QUOTED_INCLUDE_IN_FRAMEWORK_HEADER = YES;
				CLANG_WARN_RANGE_LOOP_ANALYSIS = YES;
				CLANG_WARN_STRICT_PROTOTYPES = YES;
				CLANG_WARN_SUSPICIOUS_MOVE = YES;
				CLANG_WARN_UNGUARDED_AVAILABILITY = YES_AGGRESSIVE;
				CLANG_WARN_UNREACHABLE_CODE = YES;
				CLANG_WARN__DUPLICATE_METHOD_MATCH = YES;
				COPY_PHASE_STRIP = NO;
				DEBUG_INFORMATION_FORMAT = dwarf;
				ENABLE_STRICT_OBJC_MSGSEND = YES;
				ENABLE_TESTABILITY = YES;
				ENABLE_USER_SCRIPT_SANDBOXING = YES;
				GCC_C_LANGUAGE_STANDARD = gnu17;
				GCC_DYNAMIC_NO_PIC = NO;
				GCC_NO_COMMON_BLOCKS = YES;
				GCC_OPTIMIZATION_LEVEL = 0;
				GCC_PREPROCESSOR_DEFINITIONS = (
					"DEBUG=1",
					"$(inherited)",
				);
				GCC_WARN_64_TO_32_BIT_CONVERSION = YES;
				GCC_WARN_ABOUT_RETURN_TYPE = YES_ERROR;
				GCC_WARN_UNDECLARED_SELECTOR = YES;
				GCC_WARN_UNINITIALIZED_AUTOS = YES_AGGRESSIVE;
				GCC_WARN_UNUSED_FUNCTION = YES;
				GCC_WARN_UNUSED_VARIABLE = YES;
				IPHONEOS_DEPLOYMENT_TARGET = 18.1;
				LOCALIZATION_PREFERS_STRING_CATALOGS = YES;
				MTL_ENABLE_DEBUG_INFO = INCLUDE_SOURCE;
				MTL_FAST_MATH = YES;
				ONLY_ACTIVE_ARCH = YES;
				SDKROOT = iphoneos;
				SWIFT_ACTIVE_COMPILATION_CONDITIONS = "DEBUG $(inherited)";
				SWIFT_OPTIMIZATION_LEVEL = "-Onone";
			};
			name = Debug;
		};
		45108B7C2CD944C4004E2D7A /* Release */ = {
			isa = XCBuildConfiguration;
			buildSettings = {
				ALWAYS_SEARCH_USER_PATHS = NO;
				ASSETCATALOG_COMPILER_GENERATE_SWIFT_ASSET_SYMBOL_EXTENSIONS = YES;
				CLANG_ANALYZER_NONNULL = YES;
				CLANG_ANALYZER_NUMBER_OBJECT_CONVERSION = YES_AGGRESSIVE;
				CLANG_CXX_LANGUAGE_STANDARD = "gnu++20";
				CLANG_ENABLE_MODULES = YES;
				CLANG_ENABLE_OBJC_ARC = YES;
				CLANG_ENABLE_OBJC_WEAK = YES;
				CLANG_WARN_BLOCK_CAPTURE_AUTORELEASING = YES;
				CLANG_WARN_BOOL_CONVERSION = YES;
				CLANG_WARN_COMMA = YES;
				CLANG_WARN_CONSTANT_CONVERSION = YES;
				CLANG_WARN_DEPRECATED_OBJC_IMPLEMENTATIONS = YES;
				CLANG_WARN_DIRECT_OBJC_ISA_USAGE = YES_ERROR;
				CLANG_WARN_DOCUMENTATION_COMMENTS = YES;
				CLANG_WARN_EMPTY_BODY = YES;
				CLANG_WARN_ENUM_CONVERSION = YES;
				CLANG_WARN_INFINITE_RECURSION = YES;
				CLANG_WARN_INT_CONVERSION = YES;
				CLANG_WARN_NON_LITERAL_NULL_CONVERSION = YES;
				CLANG_WARN_OBJC_IMPLICIT_RETAIN_SELF = YES;
				CLANG_WARN_OBJC_LITERAL_CONVERSION = YES;
				CLANG_WARN_OBJC_ROOT_CLASS = YES_ERROR;
				CLANG_WARN_QUOTED_INCLUDE_IN_FRAMEWORK_HEADER = YES;
				CLANG_WARN_RANGE_LOOP_ANALYSIS = YES;
				CLANG_WARN_STRICT_PROTOTYPES = YES;
				CLANG_WARN_SUSPICIOUS_MOVE = YES;
				CLANG_WARN_UNGUARDED_AVAILABILITY = YES_AGGRESSIVE;
				CLANG_WARN_UNREACHABLE_CODE = YES;
				CLANG_WARN__DUPLICATE_METHOD_MATCH = YES;
				COPY_PHASE_STRIP = NO;
				DEBUG_INFORMATION_FORMAT = "dwarf-with-dsym";
				ENABLE_NS_ASSERTIONS = NO;
				ENABLE_STRICT_OBJC_MSGSEND = YES;
				ENABLE_USER_SCRIPT_SANDBOXING = YES;
				GCC_C_LANGUAGE_STANDARD = gnu17;
				GCC_NO_COMMON_BLOCKS = YES;
				GCC_WARN_64_TO_32_BIT_CONVERSION = YES;
				GCC_WARN_ABOUT_RETURN_TYPE = YES_ERROR;
				GCC_WARN_UNDECLARED_SELECTOR = YES;
				GCC_WARN_UNINITIALIZED_AUTOS = YES_AGGRESSIVE;
				GCC_WARN_UNUSED_FUNCTION = YES;
				GCC_WARN_UNUSED_VARIABLE = YES;
				IPHONEOS_DEPLOYMENT_TARGET = 18.1;
				LOCALIZATION_PREFERS_STRING_CATALOGS = YES;
				MTL_ENABLE_DEBUG_INFO = NO;
				MTL_FAST_MATH = YES;
				SDKROOT = iphoneos;
				SWIFT_COMPILATION_MODE = wholemodule;
				VALIDATE_PRODUCT = YES;
			};
			name = Release;
		};
		45108B7E2CD944C4004E2D7A /* Debug */ = {
			isa = XCBuildConfiguration;
			buildSettings = {
				ASSETCATALOG_COMPILER_APPICON_NAME = AppIcon;
				ASSETCATALOG_COMPILER_GLOBAL_ACCENT_COLOR_NAME = AccentColor;
				CODE_SIGN_STYLE = Automatic;
				CURRENT_PROJECT_VERSION = 1;
				DEVELOPMENT_ASSET_PATHS = "\"HeroesMasterDetailJSON/Preview Content\"";
				DEVELOPMENT_TEAM = 8MU6QHY59H;
				ENABLE_PREVIEWS = YES;
				GENERATE_INFOPLIST_FILE = YES;
				INFOPLIST_FILE = HeroesMasterDetailJSON/Info.plist;
				INFOPLIST_KEY_UIApplicationSceneManifest_Generation = YES;
				INFOPLIST_KEY_UIApplicationSupportsIndirectInputEvents = YES;
				INFOPLIST_KEY_UILaunchScreen_Generation = YES;
				INFOPLIST_KEY_UISupportedInterfaceOrientations_iPad = "UIInterfaceOrientationPortrait UIInterfaceOrientationPortraitUpsideDown UIInterfaceOrientationLandscapeLeft UIInterfaceOrientationLandscapeRight";
				INFOPLIST_KEY_UISupportedInterfaceOrientations_iPhone = "UIInterfaceOrientationPortrait UIInterfaceOrientationLandscapeLeft UIInterfaceOrientationLandscapeRight";
				LD_RUNPATH_SEARCH_PATHS = (
					"$(inherited)",
					"@executable_path/Frameworks",
				);
				MARKETING_VERSION = 1.0;
				PRODUCT_BUNDLE_IDENTIFIER = dev.ruben.HeroesMasterDetailJSON;
				PRODUCT_NAME = "$(TARGET_NAME)";
				SWIFT_EMIT_LOC_STRINGS = YES;
				SWIFT_VERSION = 5.0;
				TARGETED_DEVICE_FAMILY = "1,2";
			};
			name = Debug;
		};
		45108B7F2CD944C4004E2D7A /* Release */ = {
			isa = XCBuildConfiguration;
			buildSettings = {
				ASSETCATALOG_COMPILER_APPICON_NAME = AppIcon;
				ASSETCATALOG_COMPILER_GLOBAL_ACCENT_COLOR_NAME = AccentColor;
				CODE_SIGN_STYLE = Automatic;
				CURRENT_PROJECT_VERSION = 1;
				DEVELOPMENT_ASSET_PATHS = "\"HeroesMasterDetailJSON/Preview Content\"";
				DEVELOPMENT_TEAM = 8MU6QHY59H;
				ENABLE_PREVIEWS = YES;
				GENERATE_INFOPLIST_FILE = YES;
				INFOPLIST_FILE = HeroesMasterDetailJSON/Info.plist;
				INFOPLIST_KEY_UIApplicationSceneManifest_Generation = YES;
				INFOPLIST_KEY_UIApplicationSupportsIndirectInputEvents = YES;
				INFOPLIST_KEY_UILaunchScreen_Generation = YES;
				INFOPLIST_KEY_UISupportedInterfaceOrientations_iPad = "UIInterfaceOrientationPortrait UIInterfaceOrientationPortraitUpsideDown UIInterfaceOrientationLandscapeLeft UIInterfaceOrientationLandscapeRight";
				INFOPLIST_KEY_UISupportedInterfaceOrientations_iPhone = "UIInterfaceOrientationPortrait UIInterfaceOrientationLandscapeLeft UIInterfaceOrientationLandscapeRight";
				LD_RUNPATH_SEARCH_PATHS = (
					"$(inherited)",
					"@executable_path/Frameworks",
				);
				MARKETING_VERSION = 1.0;
				PRODUCT_BUNDLE_IDENTIFIER = dev.ruben.HeroesMasterDetailJSON;
				PRODUCT_NAME = "$(TARGET_NAME)";
				SWIFT_EMIT_LOC_STRINGS = YES;
				SWIFT_VERSION = 5.0;
				TARGETED_DEVICE_FAMILY = "1,2";
			};
			name = Release;
		};
/* End XCBuildConfiguration section */

/* Begin XCConfigurationList section */
		45108B6A2CD944C2004E2D7A /* Build configuration list for PBXProject "HeroesMasterDetailJSON" */ = {
			isa = XCConfigurationList;
			buildConfigurations = (
				45108B7B2CD944C4004E2D7A /* Debug */,
				45108B7C2CD944C4004E2D7A /* Release */,
			);
			defaultConfigurationIsVisible = 0;
			defaultConfigurationName = Release;
		};
		45108B7D2CD944C4004E2D7A /* Build configuration list for PBXNativeTarget "HeroesMasterDetailJSON" */ = {
			isa = XCConfigurationList;
			buildConfigurations = (
				45108B7E2CD944C4004E2D7A /* Debug */,
				45108B7F2CD944C4004E2D7A /* Release */,
			);
			defaultConfigurationIsVisible = 0;
			defaultConfigurationName = Release;
		};
/* End XCConfigurationList section */
	};
	rootObject = 45108B672CD944C2004E2D7A /* Project object */;
}
